# THIS IS AN AUTOGENERATED FILE. DO NOT EDIT THIS FILE DIRECTLY.
# yarn lockfile v1


simple-web-worker@1.2.0:
  version "1.2.0"
  resolved "https://registry.yarnpkg.com/simple-web-worker/-/simple-web-worker-1.2.0.tgz#2deffd0998976b824b141a27ce504d31d0d99108"
  integrity sha1-Le/9CZiXa4JLFBonzlBNMdDZkQg=

vue@^2.5.17:
  version "2.5.17"
  resolved "https://registry.yarnpkg.com/vue/-/vue-2.5.17.tgz#0f8789ad718be68ca1872629832ed533589c6ada"
  integrity sha512-mFbcWoDIJi0w0Za4emyLiW72Jae0yjANHbCVquMKijcavBGypqlF7zHRgMa5k4sesdv7hv2rB4JPdZfR+TPfhQ==
